
Microsoft Visual Studio Solution File, Format Version 12.00
# Visual Studio Version 17
VisualStudioVersion = 17.8.34511.84
MinimumVisualStudioVersion = 10.0.40219.1
Project("{FAE04EC0-301F-11D3-BF4B-00C04F79EFBC}") = "BorderThickness", "BorderThickness.csproj", "{183B72A6-1D4C-43FD-AF6E-225C906CDA2C}"
EndProject
Global
	GlobalSection(SolutionConfigurationPlatforms) = preSolution
		Debug|Any CPU = Debug|Any CPU
		Release|Any CPU = Release|Any CPU
	EndGlobalSection
	GlobalSection(ProjectConfigurationPlatforms) = postSolution
		{183B72A6-1D4C-43FD-AF6E-225C906CDA2C}.Debug|Any CPU.ActiveCfg = Debug|Any CPU
		{183B72A6-1D4C-43FD-AF6E-225C906CDA2C}.Debug|Any CPU.Build.0 = Debug|Any CPU
		{183B72A6-1D4C-43FD-AF6E-225C906CDA2C}.Debug|Any CPU.Deploy.0 = Debug|Any CPU
		{183B72A6-1D4C-43FD-AF6E-225C906CDA2C}.Release|Any CPU.ActiveCfg = Release|Any CPU
		{183B72A6-1D4C-43FD-AF6E-225C906CDA2C}.Release|Any CPU.Build.0 = Release|Any CPU
		{183B72A6-1D4C-43FD-AF6E-225C906CDA2C}.Release|Any CPU.Deploy.0 = Release|Any CPU
	EndGlobalSection
	GlobalSection(SolutionProperties) = preSolution
		HideSolutionNode = FALSE
	EndGlobalSection
	GlobalSection(ExtensibilityGlobals) = postSolution
		SolutionGuid = {EA5369A4-7610-4CB1-914D-846D7F74D798}
	EndGlobalSection
EndGlobal
